version = 1
requires-python = ">=3.11"

[[package]]
name = "adafruit-blinka"
version = "8.56.0"
source = { registry = "https://pypi.org/simple" }
dependencies = [
    { name = "adafruit-circuitpython-typing" },
    { name = "adafruit-platformdetect" },
    { name = "adafruit-pureio" },
    { name = "binho-host-adapter" },
    { name = "pyftdi" },
    { name = "sysv-ipc", marker = "platform_machine != 'mips' and sys_platform == 'linux'" },
]
sdist = { url = "https://files.pythonhosted.org/packages/a2/01/b9a729272389db23e8397d4d5da0bbc2a87c73483098958022d00bd13c7f/adafruit_blinka-8.56.0.tar.gz", hash = "sha256:f119cf100bc2e33ec5bc90ab6552bf19a7a6f362c0d51ad2dd819716dab2b798", size = 257328 }
wheels = [
    { url = "https://files.pythonhosted.org/packages/55/7d/60a3e48cbae3b5d3c552af84f04cbcfd925c718f0736c2bd751e306e2f9b/adafruit_blinka-8.56.0-py3-none-any.whl", hash = "sha256:2e0e1b2e031915a9daea25fdc9fe31be5f458667f5ca835948d5928193342afc", size = 375266 },
]

[[package]]
name = "adafruit-circuitpython-busdevice"
version = "5.2.11"
source = { registry = "https://pypi.org/simple" }
dependencies = [
    { name = "adafruit-blinka" },
    { name = "adafruit-circuitpython-typing" },
]
sdist = { url = "https://files.pythonhosted.org/packages/a2/c0/f6347ab32f077413c20f55bc4b0f1592f35affd4d26753394c5ed6c36c4c/adafruit_circuitpython_busdevice-5.2.11.tar.gz", hash = "sha256:a9a1310bee7021703ccc247bb3ff04d0873573948a6c7bee9016361cd6707a71", size = 27627 }
wheels = [
    { url = "https://files.pythonhosted.org/packages/e0/c7/9f0e2b2674cb5b1fb35d067a7585a2a76596a36044264eb390980d428ccf/adafruit_circuitpython_busdevice-5.2.11-py3-none-any.whl", hash = "sha256:d4379c9ae86a15f7044dea815a94525ca9eda6a7c0b2fa0e75cf9e700c9384b8", size = 7539 },
]

[[package]]
name = "adafruit-circuitpython-connectionmanager"
version = "3.1.3"
source = { registry = "https://pypi.org/simple" }
dependencies = [
    { name = "adafruit-blinka" },
]
sdist = { url = "https://files.pythonhosted.org/packages/69/8b/8316002905f97a7f7e9c3a53dd9bb5a17889033ec55c403a6e55077f6298/adafruit_circuitpython_connectionmanager-3.1.3.tar.gz", hash = "sha256:0f133bdedf454ede0c0a866ed605fe166cc85f75cfcea74758e3622ae403e5f9", size = 37381 }
wheels = [
    { url = "https://files.pythonhosted.org/packages/55/7d/896b31bd31eff89e5cab5d3acec9d3d34f5a0654ceab25e01865e628d9f9/adafruit_circuitpython_connectionmanager-3.1.3-py3-none-any.whl", hash = "sha256:9df3a4c617dae27bad1ac8607f1a084312c8498d831ebe1c6a2c8d5cb309daea", size = 7811 },
]

[[package]]
name = "adafruit-circuitpython-lis3dh"
version = "5.2.4"
source = { registry = "https://pypi.org/simple" }
dependencies = [
    { name = "adafruit-blinka" },
    { name = "adafruit-circuitpython-busdevice" },
]
sdist = { url = "https://files.pythonhosted.org/packages/93/33/40d5f9a3f631e8ea3e40c56b8fe77fb8ec811be224fd4f6766f6cba21dc0/adafruit_circuitpython_lis3dh-5.2.4.tar.gz", hash = "sha256:303d5c18297fe7dcc22e706fd218a66fec3d32ab74dc3ab35591656a5bbe6089", size = 34891 }
wheels = [
    { url = "https://files.pythonhosted.org/packages/19/91/0d66f7b7fb4024866999a3bf4e0e12efcc447fe8e38ebcbe1116f409312d/adafruit_circuitpython_lis3dh-5.2.4-py3-none-any.whl", hash = "sha256:ddb9f7eb7505d4e9b97642c16fff4f43c764c5de934e9d3e1756b226d10e1469", size = 8420 },
]

[[package]]
name = "adafruit-circuitpython-motor"
version = "3.4.15"
source = { registry = "https://pypi.org/simple" }
dependencies = [
    { name = "adafruit-blinka" },
    { name = "adafruit-circuitpython-typing" },
]
sdist = { url = "https://files.pythonhosted.org/packages/6a/37/63ea22d53d7a861c51169f56a1cc471fd00bfa3e7a127c71d7773b492652/adafruit_circuitpython_motor-3.4.15.tar.gz", hash = "sha256:8c9f618126963570d77fae617faedd5136d29541c1a586a48259cfe711066e5c", size = 34358 }
wheels = [
    { url = "https://files.pythonhosted.org/packages/2f/61/8a8372345ecbaec43c924306341a54f76be24705836fcd6fe1908d766044/adafruit_circuitpython_motor-3.4.15-py3-none-any.whl", hash = "sha256:2c64a6108be3e6223633b8235f59828ae718526e02d05206bf138b764955a61b", size = 10966 },
]

[[package]]
name = "adafruit-circuitpython-pca9685"
version = "3.4.17"
source = { registry = "https://pypi.org/simple" }
dependencies = [
    { name = "adafruit-blinka" },
    { name = "adafruit-circuitpython-busdevice" },
    { name = "adafruit-circuitpython-register" },
]
sdist = { url = "https://files.pythonhosted.org/packages/6b/21/83f6d7925945fd06ce317b308ed176cde52bf82752215328914ba04c73c9/adafruit_circuitpython_pca9685-3.4.17.tar.gz", hash = "sha256:8ba62b7ba0ef7839d8c4877abda0d88ad8bba80fff828be22cf6a39ed55b2e19", size = 28188 }
wheels = [
    { url = "https://files.pythonhosted.org/packages/85/71/af89adc4dc05308258b4625091b4e2894245926f1f72998e4f101c3444e1/adafruit_circuitpython_pca9685-3.4.17-py3-none-any.whl", hash = "sha256:013e5482db6fb208169525ec5e4d77884fe84f5677ab5c6ec99560d902607e80", size = 6007 },
]

[[package]]
name = "adafruit-circuitpython-register"
version = "1.10.2"
source = { registry = "https://pypi.org/simple" }
dependencies = [
    { name = "adafruit-blinka" },
    { name = "adafruit-circuitpython-busdevice" },
    { name = "adafruit-circuitpython-typing" },
    { name = "typing-extensions" },
]
sdist = { url = "https://files.pythonhosted.org/packages/70/d5/62e353c8e946afd0de0719161fc3155525d3f63683bf9af78f84062e881e/adafruit_circuitpython_register-1.10.2.tar.gz", hash = "sha256:68e1899351b186f007b26326d01e4c5ed68187b50c059e1e414b53248f80053d", size = 32737 }
wheels = [
    { url = "https://files.pythonhosted.org/packages/8b/20/8a5c2fde67638309082a78a928076c6f56ede9b83fa1724069d1817a4872/adafruit_circuitpython_register-1.10.2-py3-none-any.whl", hash = "sha256:2c4fc4261895b669994b9eebb7972a8e31dc0f6971a3847fbbbaa899f0c668eb", size = 14978 },
]

[[package]]
name = "adafruit-circuitpython-requests"
version = "4.1.10"
source = { registry = "https://pypi.org/simple" }
dependencies = [
    { name = "adafruit-blinka" },
    { name = "adafruit-circuitpython-connectionmanager" },
]
sdist = { url = "https://files.pythonhosted.org/packages/eb/16/11d311192a8ec4d0b6370fb36226a95c641a993cd6fe6986fd13e6ac3ea5/adafruit_circuitpython_requests-4.1.10.tar.gz", hash = "sha256:a8657fe4b3a74c224e7365ebefa7742cc198373c1702bfc3f2b0ca3c4fd288b3", size = 66262 }
wheels = [
    { url = "https://files.pythonhosted.org/packages/3c/d1/f83b60b9283db4075cb30e5938cee3f3b795b5d558619fd37d635cf8abb2/adafruit_circuitpython_requests-4.1.10-py3-none-any.whl", hash = "sha256:6a54aa39436e83e0dc75d60c861e5befa333bff265b947ea263156e64e467122", size = 10732 },
]

[[package]]
name = "adafruit-circuitpython-servokit"
version = "1.3.19"
source = { registry = "https://pypi.org/simple" }
dependencies = [
    { name = "adafruit-blinka" },
    { name = "adafruit-circuitpython-busdevice" },
    { name = "adafruit-circuitpython-motor" },
    { name = "adafruit-circuitpython-pca9685" },
    { name = "adafruit-circuitpython-register" },
]
sdist = { url = "https://files.pythonhosted.org/packages/26/46/8d3bd1298e2bf2014ff8f761eba41582af7246bd76253dc775380fbc1a94/adafruit_circuitpython_servokit-1.3.19.tar.gz", hash = "sha256:e65b9378060469184238ade7bc9735ff4cd7cb63ca48aa1c34c886a95dbf9574", size = 27072 }
wheels = [
    { url = "https://files.pythonhosted.org/packages/78/41/91fc3d2bf82b28c874c3c2de1fe26e2e5598a979e55a4d03eb6a1dda59c5/adafruit_circuitpython_servokit-1.3.19-py3-none-any.whl", hash = "sha256:77e2f2466e01ff87cc3594a922ed3771dc1309836c70be35f2ab0430bc0f3ef3", size = 5683 },
]

[[package]]
name = "adafruit-circuitpython-typing"
version = "1.11.2"
source = { registry = "https://pypi.org/simple" }
dependencies = [
    { name = "adafruit-blinka" },
    { name = "adafruit-circuitpython-busdevice" },
    { name = "adafruit-circuitpython-requests" },
    { name = "typing-extensions" },
]
sdist = { url = "https://files.pythonhosted.org/packages/24/80/8c280fa7d42a23dce40b2fe64f708d18fa32b384adbf6934955d2c2ebecf/adafruit_circuitpython_typing-1.11.2.tar.gz", hash = "sha256:c7ac8532a9ad7e4a65d5588764b7483c0b6967d305c37faebcc0c5356d677e33", size = 29277 }
wheels = [
    { url = "https://files.pythonhosted.org/packages/dd/d5/76a6bca9cf08907b48dfc8ccbccbd190155353f521876e02d6b7bb244003/adafruit_circuitpython_typing-1.11.2-py3-none-any.whl", hash = "sha256:e1401a09bbfdf67e43875cc6755b3af0eda8381b12c9c8f759bd7676b7425e1c", size = 11101 },
]

[[package]]
name = "adafruit-platformdetect"
version = "3.77.0"
source = { registry = "https://pypi.org/simple" }
sdist = { url = "https://files.pythonhosted.org/packages/6b/4e/2b2ca031227de47e2aab6cf092b78934c9c0033a685075ddab3e0c0b55fe/adafruit_platformdetect-3.77.0.tar.gz", hash = "sha256:adce6386059637e92b4cb5d3430d016119cd3eb19f9276920c54515f3d798949", size = 48024 }
wheels = [
    { url = "https://files.pythonhosted.org/packages/30/18/b18e9ff2aee42f03082675c5d18d4eb02411477e07c86d74833d3396792e/Adafruit_PlatformDetect-3.77.0-py3-none-any.whl", hash = "sha256:93f599c21e7db2d92bc32ac69ba5063876404c4af87d11358863e62f407409be", size = 25542 },
]

[[package]]
name = "adafruit-pureio"
version = "1.1.11"
source = { registry = "https://pypi.org/simple" }
sdist = { url = "https://files.pythonhosted.org/packages/e5/b7/f1672435116822079bbdab42163f9e6424769b7db778873d95d18c085230/Adafruit_PureIO-1.1.11.tar.gz", hash = "sha256:c4cfbb365731942d1f1092a116f47dfdae0aef18c5b27f1072b5824ad5ea8c7c", size = 35511 }
wheels = [
    { url = "https://files.pythonhosted.org/packages/19/9d/28e9d12f36e13c5f2acba3098187b0e931290ecd1d8df924391b5ad2db19/Adafruit_PureIO-1.1.11-py3-none-any.whl", hash = "sha256:281ab2099372cc0decc26326918996cbf21b8eed694ec4764d51eefa029d324e", size = 10678 },
]

[[package]]
name = "binho-host-adapter"
version = "0.1.6"
source = { registry = "https://pypi.org/simple" }
dependencies = [
    { name = "pyserial" },
]
sdist = { url = "https://files.pythonhosted.org/packages/68/36/29b7b896e83e195fac6d64ccff95c0f24a18ee86e7437a22e60e0331d90a/binho-host-adapter-0.1.6.tar.gz", hash = "sha256:1e6da7a84e208c13b5f489066f05774bff1d593d0f5bf1ca149c2b8e83eae856", size = 10068 }
wheels = [
    { url = "https://files.pythonhosted.org/packages/7b/6b/0f13486003aea3eb349c2946b7ec9753e7558b78e35d22c938062a96959c/binho_host_adapter-0.1.6-py3-none-any.whl", hash = "sha256:f71ca176c1e2fc1a5dce128beb286da217555c6c7c805f2ed282a6f3507ec277", size = 10540 },
]

[[package]]
name = "pyftdi"
version = "0.56.0"
source = { registry = "https://pypi.org/simple" }
dependencies = [
    { name = "pyserial" },
    { name = "pyusb" },
]
wheels = [
    { url = "https://files.pythonhosted.org/packages/5a/96/a8de7b7e5556d4b00d1ca1969fc34c89a1b6d177876c7a31d42631b090fc/pyftdi-0.56.0-py3-none-any.whl", hash = "sha256:3ef0baadbf9031dde9d623ae66fac2d16ded36ce1b66c17765ca1944cb38b8b0", size = 145718 },
]

[[package]]
name = "pyserial"
version = "3.5"
source = { registry = "https://pypi.org/simple" }
sdist = { url = "https://files.pythonhosted.org/packages/1e/7d/ae3f0a63f41e4d2f6cb66a5b57197850f919f59e558159a4dd3a818f5082/pyserial-3.5.tar.gz", hash = "sha256:3c77e014170dfffbd816e6ffc205e9842efb10be9f58ec16d3e8675b4925cddb", size = 159125 }
wheels = [
    { url = "https://files.pythonhosted.org/packages/07/bc/587a445451b253b285629263eb51c2d8e9bcea4fc97826266d186f96f558/pyserial-3.5-py2.py3-none-any.whl", hash = "sha256:c4451db6ba391ca6ca299fb3ec7bae67a5c55dde170964c7a14ceefec02f2cf0", size = 90585 },
]

[[package]]
name = "pyusb"
version = "1.3.1"
source = { registry = "https://pypi.org/simple" }
sdist = { url = "https://files.pythonhosted.org/packages/00/6b/ce3727395e52b7b76dfcf0c665e37d223b680b9becc60710d4bc08b7b7cb/pyusb-1.3.1.tar.gz", hash = "sha256:3af070b607467c1c164f49d5b0caabe8ac78dbed9298d703a8dbf9df4052d17e", size = 77281 }
wheels = [
    { url = "https://files.pythonhosted.org/packages/28/b8/27e6312e86408a44fe16bd28ee12dd98608b39f7e7e57884a24e8f29b573/pyusb-1.3.1-py3-none-any.whl", hash = "sha256:bf9b754557af4717fe80c2b07cc2b923a9151f5c08d17bdb5345dac09d6a0430", size = 58465 },
]

[[package]]
name = "striderbot"
version = "0.1.0"
source = { virtual = "." }
dependencies = [
    { name = "adafruit-circuitpython-lis3dh" },
    { name = "adafruit-circuitpython-servokit" },
]

[package.metadata]
requires-dist = [
    { name = "adafruit-circuitpython-lis3dh", specifier = ">=5.2.4" },
    { name = "adafruit-circuitpython-servokit", specifier = ">=1.3.19" },
]

[[package]]
name = "sysv-ipc"
version = "1.1.0"
source = { registry = "https://pypi.org/simple" }
sdist = { url = "https://files.pythonhosted.org/packages/0c/d7/5d2f861155e9749f981e6c58f2a482d3ab458bf8c35ae24d4b4d5899ebf9/sysv_ipc-1.1.0.tar.gz", hash = "sha256:0f063cbd36ec232032e425769ebc871f195a7d183b9af32f9901589ea7129ac3", size = 99448 }

[[package]]
name = "typing-extensions"
version = "4.13.2"
source = { registry = "https://pypi.org/simple" }
sdist = { url = "https://files.pythonhosted.org/packages/f6/37/23083fcd6e35492953e8d2aaaa68b860eb422b34627b13f2ce3eb6106061/typing_extensions-4.13.2.tar.gz", hash = "sha256:e6c81219bd689f51865d9e372991c540bda33a0379d5573cddb9a3a23f7caaef", size = 106967 }
wheels = [
    { url = "https://files.pythonhosted.org/packages/8b/54/b1ae86c0973cc6f0210b53d508ca3641fb6d0c56823f288d108bc7ab3cc8/typing_extensions-4.13.2-py3-none-any.whl", hash = "sha256:a439e7c04b49fec3e5d3e2beaa21755cadbbdc391694e28ccdd36ca4a1408f8c", size = 45806 },
]
