version = 1
requires-python = ">=3.11"

[[package]]
name = "adafruit-blinka"
version = "8.56.0"
source = { registry = "https://pypi.org/simple" }
dependencies = [
    { name = "adafruit-circuitpython-typing" },
    { name = "adafruit-platformdetect" },
    { name = "adafruit-pureio" },
    { name = "binho-host-adapter" },
    { name = "pyftdi" },
    { name = "sysv-ipc", marker = "platform_machine != 'mips' and sys_platform == 'linux'" },
]
sdist = { url = "https://files.pythonhosted.org/packages/a2/01/b9a729272389db23e8397d4d5da0bbc2a87c73483098958022d00bd13c7f/adafruit_blinka-8.56.0.tar.gz", hash = "sha256:f119cf100bc2e33ec5bc90ab6552bf19a7a6f362c0d51ad2dd819716dab2b798", size = 257328 }
wheels = [
    { url = "https://files.pythonhosted.org/packages/55/7d/60a3e48cbae3b5d3c552af84f04cbcfd925c718f0736c2bd751e306e2f9b/adafruit_blinka-8.56.0-py3-none-any.whl", hash = "sha256:2e0e1b2e031915a9daea25fdc9fe31be5f458667f5ca835948d5928193342afc", size = 375266 },
]

[[package]]
name = "adafruit-circuitpython-busdevice"
version = "5.2.11"
source = { registry = "https://pypi.org/simple" }
dependencies = [
    { name = "adafruit-blinka" },
    { name = "adafruit-circuitpython-typing" },
]
sdist = { url = "https://files.pythonhosted.org/packages/a2/c0/f6347ab32f077413c20f55bc4b0f1592f35affd4d26753394c5ed6c36c4c/adafruit_circuitpython_busdevice-5.2.11.tar.gz", hash = "sha256:a9a1310bee7021703ccc247bb3ff04d0873573948a6c7bee9016361cd6707a71", size = 27627 }
wheels = [
    { url = "https://files.pythonhosted.org/packages/e0/c7/9f0e2b2674cb5b1fb35d067a7585a2a76596a36044264eb390980d428ccf/adafruit_circuitpython_busdevice-5.2.11-py3-none-any.whl", hash = "sha256:d4379c9ae86a15f7044dea815a94525ca9eda6a7c0b2fa0e75cf9e700c9384b8", size = 7539 },
]

[[package]]
name = "adafruit-circuitpython-connectionmanager"
version = "3.1.3"
source = { registry = "https://pypi.org/simple" }
dependencies = [
    { name = "adafruit-blinka" },
]
sdist = { url = "https://files.pythonhosted.org/packages/69/8b/8316002905f97a7f7e9c3a53dd9bb5a17889033ec55c403a6e55077f6298/adafruit_circuitpython_connectionmanager-3.1.3.tar.gz", hash = "sha256:0f133bdedf454ede0c0a866ed605fe166cc85f75cfcea74758e3622ae403e5f9", size = 37381 }
wheels = [
    { url = "https://files.pythonhosted.org/packages/55/7d/896b31bd31eff89e5cab5d3acec9d3d34f5a0654ceab25e01865e628d9f9/adafruit_circuitpython_connectionmanager-3.1.3-py3-none-any.whl", hash = "sha256:9df3a4c617dae27bad1ac8607f1a084312c8498d831ebe1c6a2c8d5cb309daea", size = 7811 },
]

[[package]]
name = "adafruit-circuitpython-lis3dh"
version = "5.2.4"
source = { registry = "https://pypi.org/simple" }
dependencies = [
    { name = "adafruit-blinka" },
    { name = "adafruit-circuitpython-busdevice" },
]
sdist = { url = "https://files.pythonhosted.org/packages/93/33/40d5f9a3f631e8ea3e40c56b8fe77fb8ec811be224fd4f6766f6cba21dc0/adafruit_circuitpython_lis3dh-5.2.4.tar.gz", hash = "sha256:303d5c18297fe7dcc22e706fd218a66fec3d32ab74dc3ab35591656a5bbe6089", size = 34891 }
wheels = [
    { url = "https://files.pythonhosted.org/packages/19/91/0d66f7b7fb4024866999a3bf4e0e12efcc447fe8e38ebcbe1116f409312d/adafruit_circuitpython_lis3dh-5.2.4-py3-none-any.whl", hash = "sha256:ddb9f7eb7505d4e9b97642c16fff4f43c764c5de934e9d3e1756b226d10e1469", size = 8420 },
]

[[package]]
name = "adafruit-circuitpython-motor"
version = "3.4.15"
source = { registry = "https://pypi.org/simple" }
dependencies = [
    { name = "adafruit-blinka" },
    { name = "adafruit-circuitpython-typing" },
]
sdist = { url = "https://files.pythonhosted.org/packages/6a/37/63ea22d53d7a861c51169f56a1cc471fd00bfa3e7a127c71d7773b492652/adafruit_circuitpython_motor-3.4.15.tar.gz", hash = "sha256:8c9f618126963570d77fae617faedd5136d29541c1a586a48259cfe711066e5c", size = 34358 }
wheels = [
    { url = "https://files.pythonhosted.org/packages/2f/61/8a8372345ecbaec43c924306341a54f76be24705836fcd6fe1908d766044/adafruit_circuitpython_motor-3.4.15-py3-none-any.whl", hash = "sha256:2c64a6108be3e6223633b8235f59828ae718526e02d05206bf138b764955a61b", size = 10966 },
]

[[package]]
name = "adafruit-circuitpython-pca9685"
version = "3.4.17"
source = { registry = "https://pypi.org/simple" }
dependencies = [
    { name = "adafruit-blinka" },
    { name = "adafruit-circuitpython-busdevice" },
    { name = "adafruit-circuitpython-register" },
]
sdist = { url = "https://files.pythonhosted.org/packages/6b/21/83f6d7925945fd06ce317b308ed176cde52bf82752215328914ba04c73c9/adafruit_circuitpython_pca9685-3.4.17.tar.gz", hash = "sha256:8ba62b7ba0ef7839d8c4877abda0d88ad8bba80fff828be22cf6a39ed55b2e19", size = 28188 }
wheels = [
    { url = "https://files.pythonhosted.org/packages/85/71/af89adc4dc05308258b4625091b4e2894245926f1f72998e4f101c3444e1/adafruit_circuitpython_pca9685-3.4.17-py3-none-any.whl", hash = "sha256:013e5482db6fb208169525ec5e4d77884fe84f5677ab5c6ec99560d902607e80", size = 6007 },
]

[[package]]
name = "adafruit-circuitpython-register"
version = "1.10.2"
source = { registry = "https://pypi.org/simple" }
dependencies = [
    { name = "adafruit-blinka" },
    { name = "adafruit-circuitpython-busdevice" },
    { name = "adafruit-circuitpython-typing" },
    { name = "typing-extensions" },
]
sdist = { url = "https://files.pythonhosted.org/packages/70/d5/62e353c8e946afd0de0719161fc3155525d3f63683bf9af78f84062e881e/adafruit_circuitpython_register-1.10.2.tar.gz", hash = "sha256:68e1899351b186f007b26326d01e4c5ed68187b50c059e1e414b53248f80053d", size = 32737 }
wheels = [
    { url = "https://files.pythonhosted.org/packages/8b/20/8a5c2fde67638309082a78a928076c6f56ede9b83fa1724069d1817a4872/adafruit_circuitpython_register-1.10.2-py3-none-any.whl", hash = "sha256:2c4fc4261895b669994b9eebb7972a8e31dc0f6971a3847fbbbaa899f0c668eb", size = 14978 },
]

[[package]]
name = "adafruit-circuitpython-requests"
version = "4.1.10"
source = { registry = "https://pypi.org/simple" }
dependencies = [
    { name = "adafruit-blinka" },
    { name = "adafruit-circuitpython-connectionmanager" },
]
sdist = { url = "https://files.pythonhosted.org/packages/eb/16/11d311192a8ec4d0b6370fb36226a95c641a993cd6fe6986fd13e6ac3ea5/adafruit_circuitpython_requests-4.1.10.tar.gz", hash = "sha256:a8657fe4b3a74c224e7365ebefa7742cc198373c1702bfc3f2b0ca3c4fd288b3", size = 66262 }
wheels = [
    { url = "https://files.pythonhosted.org/packages/3c/d1/f83b60b9283db4075cb30e5938cee3f3b795b5d558619fd37d635cf8abb2/adafruit_circuitpython_requests-4.1.10-py3-none-any.whl", hash = "sha256:6a54aa39436e83e0dc75d60c861e5befa333bff265b947ea263156e64e467122", size = 10732 },
]

[[package]]
name = "adafruit-circuitpython-servokit"
version = "1.3.19"
source = { registry = "https://pypi.org/simple" }
dependencies = [
    { name = "adafruit-blinka" },
    { name = "adafruit-circuitpython-busdevice" },
    { name = "adafruit-circuitpython-motor" },
    { name = "adafruit-circuitpython-pca9685" },
    { name = "adafruit-circuitpython-register" },
]
sdist = { url = "https://files.pythonhosted.org/packages/26/46/8d3bd1298e2bf2014ff8f761eba41582af7246bd76253dc775380fbc1a94/adafruit_circuitpython_servokit-1.3.19.tar.gz", hash = "sha256:e65b9378060469184238ade7bc9735ff4cd7cb63ca48aa1c34c886a95dbf9574", size = 27072 }
wheels = [
    { url = "https://files.pythonhosted.org/packages/78/41/91fc3d2bf82b28c874c3c2de1fe26e2e5598a979e55a4d03eb6a1dda59c5/adafruit_circuitpython_servokit-1.3.19-py3-none-any.whl", hash = "sha256:77e2f2466e01ff87cc3594a922ed3771dc1309836c70be35f2ab0430bc0f3ef3", size = 5683 },
]

[[package]]
name = "adafruit-circuitpython-typing"
version = "1.11.2"
source = { registry = "https://pypi.org/simple" }
dependencies = [
    { name = "adafruit-blinka" },
    { name = "adafruit-circuitpython-busdevice" },
    { name = "adafruit-circuitpython-requests" },
    { name = "typing-extensions" },
]
sdist = { url = "https://files.pythonhosted.org/packages/24/80/8c280fa7d42a23dce40b2fe64f708d18fa32b384adbf6934955d2c2ebecf/adafruit_circuitpython_typing-1.11.2.tar.gz", hash = "sha256:c7ac8532a9ad7e4a65d5588764b7483c0b6967d305c37faebcc0c5356d677e33", size = 29277 }
wheels = [
    { url = "https://files.pythonhosted.org/packages/dd/d5/76a6bca9cf08907b48dfc8ccbccbd190155353f521876e02d6b7bb244003/adafruit_circuitpython_typing-1.11.2-py3-none-any.whl", hash = "sha256:e1401a09bbfdf67e43875cc6755b3af0eda8381b12c9c8f759bd7676b7425e1c", size = 11101 },
]

[[package]]
name = "adafruit-platformdetect"
version = "3.77.0"
source = { registry = "https://pypi.org/simple" }
sdist = { url = "https://files.pythonhosted.org/packages/6b/4e/2b2ca031227de47e2aab6cf092b78934c9c0033a685075ddab3e0c0b55fe/adafruit_platformdetect-3.77.0.tar.gz", hash = "sha256:adce6386059637e92b4cb5d3430d016119cd3eb19f9276920c54515f3d798949", size = 48024 }
wheels = [
    { url = "https://files.pythonhosted.org/packages/30/18/b18e9ff2aee42f03082675c5d18d4eb02411477e07c86d74833d3396792e/Adafruit_PlatformDetect-3.77.0-py3-none-any.whl", hash = "sha256:93f599c21e7db2d92bc32ac69ba5063876404c4af87d11358863e62f407409be", size = 25542 },
]

[[package]]
name = "adafruit-pureio"
version = "1.1.11"
source = { registry = "https://pypi.org/simple" }
sdist = { url = "https://files.pythonhosted.org/packages/e5/b7/f1672435116822079bbdab42163f9e6424769b7db778873d95d18c085230/Adafruit_PureIO-1.1.11.tar.gz", hash = "sha256:c4cfbb365731942d1f1092a116f47dfdae0aef18c5b27f1072b5824ad5ea8c7c", size = 35511 }
wheels = [
    { url = "https://files.pythonhosted.org/packages/19/9d/28e9d12f36e13c5f2acba3098187b0e931290ecd1d8df924391b5ad2db19/Adafruit_PureIO-1.1.11-py3-none-any.whl", hash = "sha256:281ab2099372cc0decc26326918996cbf21b8eed694ec4764d51eefa029d324e", size = 10678 },
]

[[package]]
name = "binho-host-adapter"
version = "0.1.6"
source = { registry = "https://pypi.org/simple" }
dependencies = [
    { name = "pyserial" },
]
sdist = { url = "https://files.pythonhosted.org/packages/68/36/29b7b896e83e195fac6d64ccff95c0f24a18ee86e7437a22e60e0331d90a/binho-host-adapter-0.1.6.tar.gz", hash = "sha256:1e6da7a84e208c13b5f489066f05774bff1d593d0f5bf1ca149c2b8e83eae856", size = 10068 }
wheels = [
    { url = "https://files.pythonhosted.org/packages/7b/6b/0f13486003aea3eb349c2946b7ec9753e7558b78e35d22c938062a96959c/binho_host_adapter-0.1.6-py3-none-any.whl", hash = "sha256:f71ca176c1e2fc1a5dce128beb286da217555c6c7c805f2ed282a6f3507ec277", size = 10540 },
]

[[package]]
name = "pyftdi"
version = "0.56.0"
source = { registry = "https://pypi.org/simple" }
dependencies = [
    { name = "pyserial" },
    { name = "pyusb" },
]
wheels = [
    { url = "https://files.pythonhosted.org/packages/5a/96/a8de7b7e5556d4b00d1ca1969fc34c89a1b6d177876c7a31d42631b090fc/pyftdi-0.56.0-py3-none-any.whl", hash = "sha256:3ef0baadbf9031dde9d623ae66fac2d16ded36ce1b66c17765ca1944cb38b8b0", size = 145718 },
]

[[package]]
name = "pyserial"
version = "3.5"
source = { registry = "https://pypi.org/simple" }
sdist = { url = "https://files.pythonhosted.org/packages/1e/7d/ae3f0a63f41e4d2f6cb66a5b57197850f919f59e558159a4dd3a818f5082/pyserial-3.5.tar.gz", hash = "sha256:3c77e014170dfffbd816e6ffc205e9842efb10be9f58ec16d3e8675b4925cddb", size = 159125 }
wheels = [
    { url = "https://files.pythonhosted.org/packages/07/bc/587a445451b253b285629263eb51c2d8e9bcea4fc97826266d186f96f558/pyserial-3.5-py2.py3-none-any.whl", hash = "sha256:c4451db6ba391ca6ca299fb3ec7bae67a5c55dde170964c7a14ceefec02f2cf0", size = 90585 },
]

[[package]]
name = "python-dotenv"
version = "1.1.0"
source = { registry = "https://pypi.org/simple" }
sdist = { url = "https://files.pythonhosted.org/packages/88/2c/7bb1416c5620485aa793f2de31d3df393d3686aa8a8506d11e10e13c5baf/python_dotenv-1.1.0.tar.gz", hash = "sha256:41f90bc6f5f177fb41f53e87666db362025010eb28f60a01c9143bfa33a2b2d5", size = 39920 }
wheels = [
    { url = "https://files.pythonhosted.org/packages/1e/18/98a99ad95133c6a6e2005fe89faedf294a748bd5dc803008059409ac9b1e/python_dotenv-1.1.0-py3-none-any.whl", hash = "sha256:d7c01d9e2293916c18baf562d95698754b0dbbb5e74d457c45d4f6561fb9d55d", size = 20256 },
]

[[package]]
name = "pyusb"
version = "1.3.1"
source = { registry = "https://pypi.org/simple" }
sdist = { url = "https://files.pythonhosted.org/packages/00/6b/ce3727395e52b7b76dfcf0c665e37d223b680b9becc60710d4bc08b7b7cb/pyusb-1.3.1.tar.gz", hash = "sha256:3af070b607467c1c164f49d5b0caabe8ac78dbed9298d703a8dbf9df4052d17e", size = 77281 }
wheels = [
    { url = "https://files.pythonhosted.org/packages/28/b8/27e6312e86408a44fe16bd28ee12dd98608b39f7e7e57884a24e8f29b573/pyusb-1.3.1-py3-none-any.whl", hash = "sha256:bf9b754557af4717fe80c2b07cc2b923a9151f5c08d17bdb5345dac09d6a0430", size = 58465 },
]

[[package]]
name = "striderbot"
version = "0.1.0"
source = { virtual = "." }
dependencies = [
    { name = "adafruit-circuitpython-lis3dh" },
    { name = "adafruit-circuitpython-servokit" },
    { name = "python-dotenv" },
    { name = "websockets" },
]

[package.metadata]
requires-dist = [
    { name = "adafruit-circuitpython-lis3dh", specifier = ">=5.2.4" },
    { name = "adafruit-circuitpython-servokit", specifier = ">=1.3.19" },
    { name = "python-dotenv", specifier = ">=1.1.0" },
    { name = "websockets", specifier = ">=15.0.1" },
]

[[package]]
name = "sysv-ipc"
version = "1.1.0"
source = { registry = "https://pypi.org/simple" }
sdist = { url = "https://files.pythonhosted.org/packages/0c/d7/5d2f861155e9749f981e6c58f2a482d3ab458bf8c35ae24d4b4d5899ebf9/sysv_ipc-1.1.0.tar.gz", hash = "sha256:0f063cbd36ec232032e425769ebc871f195a7d183b9af32f9901589ea7129ac3", size = 99448 }

[[package]]
name = "typing-extensions"
version = "4.13.2"
source = { registry = "https://pypi.org/simple" }
sdist = { url = "https://files.pythonhosted.org/packages/f6/37/23083fcd6e35492953e8d2aaaa68b860eb422b34627b13f2ce3eb6106061/typing_extensions-4.13.2.tar.gz", hash = "sha256:e6c81219bd689f51865d9e372991c540bda33a0379d5573cddb9a3a23f7caaef", size = 106967 }
wheels = [
    { url = "https://files.pythonhosted.org/packages/8b/54/b1ae86c0973cc6f0210b53d508ca3641fb6d0c56823f288d108bc7ab3cc8/typing_extensions-4.13.2-py3-none-any.whl", hash = "sha256:a439e7c04b49fec3e5d3e2beaa21755cadbbdc391694e28ccdd36ca4a1408f8c", size = 45806 },
]

[[package]]
name = "websockets"
version = "15.0.1"
source = { registry = "https://pypi.org/simple" }
sdist = { url = "https://files.pythonhosted.org/packages/21/e6/26d09fab466b7ca9c7737474c52be4f76a40301b08362eb2dbc19dcc16c1/websockets-15.0.1.tar.gz", hash = "sha256:82544de02076bafba038ce055ee6412d68da13ab47f0c60cab827346de828dee", size = 177016 }
wheels = [
    { url = "https://files.pythonhosted.org/packages/9f/32/18fcd5919c293a398db67443acd33fde142f283853076049824fc58e6f75/websockets-15.0.1-cp311-cp311-macosx_10_9_universal2.whl", hash = "sha256:823c248b690b2fd9303ba00c4f66cd5e2d8c3ba4aa968b2779be9532a4dad431", size = 175423 },
    { url = "https://files.pythonhosted.org/packages/76/70/ba1ad96b07869275ef42e2ce21f07a5b0148936688c2baf7e4a1f60d5058/websockets-15.0.1-cp311-cp311-macosx_10_9_x86_64.whl", hash = "sha256:678999709e68425ae2593acf2e3ebcbcf2e69885a5ee78f9eb80e6e371f1bf57", size = 173082 },
    { url = "https://files.pythonhosted.org/packages/86/f2/10b55821dd40eb696ce4704a87d57774696f9451108cff0d2824c97e0f97/websockets-15.0.1-cp311-cp311-macosx_11_0_arm64.whl", hash = "sha256:d50fd1ee42388dcfb2b3676132c78116490976f1300da28eb629272d5d93e905", size = 173330 },
    { url = "https://files.pythonhosted.org/packages/a5/90/1c37ae8b8a113d3daf1065222b6af61cc44102da95388ac0018fcb7d93d9/websockets-15.0.1-cp311-cp311-manylinux_2_17_aarch64.manylinux2014_aarch64.whl", hash = "sha256:d99e5546bf73dbad5bf3547174cd6cb8ba7273062a23808ffea025ecb1cf8562", size = 182878 },
    { url = "https://files.pythonhosted.org/packages/8e/8d/96e8e288b2a41dffafb78e8904ea7367ee4f891dafc2ab8d87e2124cb3d3/websockets-15.0.1-cp311-cp311-manylinux_2_5_i686.manylinux1_i686.manylinux_2_17_i686.manylinux2014_i686.whl", hash = "sha256:66dd88c918e3287efc22409d426c8f729688d89a0c587c88971a0faa2c2f3792", size = 181883 },
    { url = "https://files.pythonhosted.org/packages/93/1f/5d6dbf551766308f6f50f8baf8e9860be6182911e8106da7a7f73785f4c4/websockets-15.0.1-cp311-cp311-manylinux_2_5_x86_64.manylinux1_x86_64.manylinux_2_17_x86_64.manylinux2014_x86_64.whl", hash = "sha256:8dd8327c795b3e3f219760fa603dcae1dcc148172290a8ab15158cf85a953413", size = 182252 },
    { url = "https://files.pythonhosted.org/packages/d4/78/2d4fed9123e6620cbf1706c0de8a1632e1a28e7774d94346d7de1bba2ca3/websockets-15.0.1-cp311-cp311-musllinux_1_2_aarch64.whl", hash = "sha256:8fdc51055e6ff4adeb88d58a11042ec9a5eae317a0a53d12c062c8a8865909e8", size = 182521 },
    { url = "https://files.pythonhosted.org/packages/e7/3b/66d4c1b444dd1a9823c4a81f50231b921bab54eee2f69e70319b4e21f1ca/websockets-15.0.1-cp311-cp311-musllinux_1_2_i686.whl", hash = "sha256:693f0192126df6c2327cce3baa7c06f2a117575e32ab2308f7f8216c29d9e2e3", size = 181958 },
    { url = "https://files.pythonhosted.org/packages/08/ff/e9eed2ee5fed6f76fdd6032ca5cd38c57ca9661430bb3d5fb2872dc8703c/websockets-15.0.1-cp311-cp311-musllinux_1_2_x86_64.whl", hash = "sha256:54479983bd5fb469c38f2f5c7e3a24f9a4e70594cd68cd1fa6b9340dadaff7cf", size = 181918 },
    { url = "https://files.pythonhosted.org/packages/d8/75/994634a49b7e12532be6a42103597b71098fd25900f7437d6055ed39930a/websockets-15.0.1-cp311-cp311-win32.whl", hash = "sha256:16b6c1b3e57799b9d38427dda63edcbe4926352c47cf88588c0be4ace18dac85", size = 176388 },
    { url = "https://files.pythonhosted.org/packages/98/93/e36c73f78400a65f5e236cd376713c34182e6663f6889cd45a4a04d8f203/websockets-15.0.1-cp311-cp311-win_amd64.whl", hash = "sha256:27ccee0071a0e75d22cb35849b1db43f2ecd3e161041ac1ee9d2352ddf72f065", size = 176828 },
    { url = "https://files.pythonhosted.org/packages/51/6b/4545a0d843594f5d0771e86463606a3988b5a09ca5123136f8a76580dd63/websockets-15.0.1-cp312-cp312-macosx_10_13_universal2.whl", hash = "sha256:3e90baa811a5d73f3ca0bcbf32064d663ed81318ab225ee4f427ad4e26e5aff3", size = 175437 },
    { url = "https://files.pythonhosted.org/packages/f4/71/809a0f5f6a06522af902e0f2ea2757f71ead94610010cf570ab5c98e99ed/websockets-15.0.1-cp312-cp312-macosx_10_13_x86_64.whl", hash = "sha256:592f1a9fe869c778694f0aa806ba0374e97648ab57936f092fd9d87f8bc03665", size = 173096 },
    { url = "https://files.pythonhosted.org/packages/3d/69/1a681dd6f02180916f116894181eab8b2e25b31e484c5d0eae637ec01f7c/websockets-15.0.1-cp312-cp312-macosx_11_0_arm64.whl", hash = "sha256:0701bc3cfcb9164d04a14b149fd74be7347a530ad3bbf15ab2c678a2cd3dd9a2", size = 173332 },
    { url = "https://files.pythonhosted.org/packages/a6/02/0073b3952f5bce97eafbb35757f8d0d54812b6174ed8dd952aa08429bcc3/websockets-15.0.1-cp312-cp312-manylinux_2_17_aarch64.manylinux2014_aarch64.whl", hash = "sha256:e8b56bdcdb4505c8078cb6c7157d9811a85790f2f2b3632c7d1462ab5783d215", size = 183152 },
    { url = "https://files.pythonhosted.org/packages/74/45/c205c8480eafd114b428284840da0b1be9ffd0e4f87338dc95dc6ff961a1/websockets-15.0.1-cp312-cp312-manylinux_2_5_i686.manylinux1_i686.manylinux_2_17_i686.manylinux2014_i686.whl", hash = "sha256:0af68c55afbd5f07986df82831c7bff04846928ea8d1fd7f30052638788bc9b5", size = 182096 },
    { url = "https://files.pythonhosted.org/packages/14/8f/aa61f528fba38578ec553c145857a181384c72b98156f858ca5c8e82d9d3/websockets-15.0.1-cp312-cp312-manylinux_2_5_x86_64.manylinux1_x86_64.manylinux_2_17_x86_64.manylinux2014_x86_64.whl", hash = "sha256:64dee438fed052b52e4f98f76c5790513235efaa1ef7f3f2192c392cd7c91b65", size = 182523 },
    { url = "https://files.pythonhosted.org/packages/ec/6d/0267396610add5bc0d0d3e77f546d4cd287200804fe02323797de77dbce9/websockets-15.0.1-cp312-cp312-musllinux_1_2_aarch64.whl", hash = "sha256:d5f6b181bb38171a8ad1d6aa58a67a6aa9d4b38d0f8c5f496b9e42561dfc62fe", size = 182790 },
    { url = "https://files.pythonhosted.org/packages/02/05/c68c5adbf679cf610ae2f74a9b871ae84564462955d991178f95a1ddb7dd/websockets-15.0.1-cp312-cp312-musllinux_1_2_i686.whl", hash = "sha256:5d54b09eba2bada6011aea5375542a157637b91029687eb4fdb2dab11059c1b4", size = 182165 },
    { url = "https://files.pythonhosted.org/packages/29/93/bb672df7b2f5faac89761cb5fa34f5cec45a4026c383a4b5761c6cea5c16/websockets-15.0.1-cp312-cp312-musllinux_1_2_x86_64.whl", hash = "sha256:3be571a8b5afed347da347bfcf27ba12b069d9d7f42cb8c7028b5e98bbb12597", size = 182160 },
    { url = "https://files.pythonhosted.org/packages/ff/83/de1f7709376dc3ca9b7eeb4b9a07b4526b14876b6d372a4dc62312bebee0/websockets-15.0.1-cp312-cp312-win32.whl", hash = "sha256:c338ffa0520bdb12fbc527265235639fb76e7bc7faafbb93f6ba80d9c06578a9", size = 176395 },
    { url = "https://files.pythonhosted.org/packages/7d/71/abf2ebc3bbfa40f391ce1428c7168fb20582d0ff57019b69ea20fa698043/websockets-15.0.1-cp312-cp312-win_amd64.whl", hash = "sha256:fcd5cf9e305d7b8338754470cf69cf81f420459dbae8a3b40cee57417f4614a7", size = 176841 },
    { url = "https://files.pythonhosted.org/packages/cb/9f/51f0cf64471a9d2b4d0fc6c534f323b664e7095640c34562f5182e5a7195/websockets-15.0.1-cp313-cp313-macosx_10_13_universal2.whl", hash = "sha256:ee443ef070bb3b6ed74514f5efaa37a252af57c90eb33b956d35c8e9c10a1931", size = 175440 },
    { url = "https://files.pythonhosted.org/packages/8a/05/aa116ec9943c718905997412c5989f7ed671bc0188ee2ba89520e8765d7b/websockets-15.0.1-cp313-cp313-macosx_10_13_x86_64.whl", hash = "sha256:5a939de6b7b4e18ca683218320fc67ea886038265fd1ed30173f5ce3f8e85675", size = 173098 },
    { url = "https://files.pythonhosted.org/packages/ff/0b/33cef55ff24f2d92924923c99926dcce78e7bd922d649467f0eda8368923/websockets-15.0.1-cp313-cp313-macosx_11_0_arm64.whl", hash = "sha256:746ee8dba912cd6fc889a8147168991d50ed70447bf18bcda7039f7d2e3d9151", size = 173329 },
    { url = "https://files.pythonhosted.org/packages/31/1d/063b25dcc01faa8fada1469bdf769de3768b7044eac9d41f734fd7b6ad6d/websockets-15.0.1-cp313-cp313-manylinux_2_17_aarch64.manylinux2014_aarch64.whl", hash = "sha256:595b6c3969023ecf9041b2936ac3827e4623bfa3ccf007575f04c5a6aa318c22", size = 183111 },
    { url = "https://files.pythonhosted.org/packages/93/53/9a87ee494a51bf63e4ec9241c1ccc4f7c2f45fff85d5bde2ff74fcb68b9e/websockets-15.0.1-cp313-cp313-manylinux_2_5_i686.manylinux1_i686.manylinux_2_17_i686.manylinux2014_i686.whl", hash = "sha256:3c714d2fc58b5ca3e285461a4cc0c9a66bd0e24c5da9911e30158286c9b5be7f", size = 182054 },
    { url = "https://files.pythonhosted.org/packages/ff/b2/83a6ddf56cdcbad4e3d841fcc55d6ba7d19aeb89c50f24dd7e859ec0805f/websockets-15.0.1-cp313-cp313-manylinux_2_5_x86_64.manylinux1_x86_64.manylinux_2_17_x86_64.manylinux2014_x86_64.whl", hash = "sha256:0f3c1e2ab208db911594ae5b4f79addeb3501604a165019dd221c0bdcabe4db8", size = 182496 },
    { url = "https://files.pythonhosted.org/packages/98/41/e7038944ed0abf34c45aa4635ba28136f06052e08fc2168520bb8b25149f/websockets-15.0.1-cp313-cp313-musllinux_1_2_aarch64.whl", hash = "sha256:229cf1d3ca6c1804400b0a9790dc66528e08a6a1feec0d5040e8b9eb14422375", size = 182829 },
    { url = "https://files.pythonhosted.org/packages/e0/17/de15b6158680c7623c6ef0db361da965ab25d813ae54fcfeae2e5b9ef910/websockets-15.0.1-cp313-cp313-musllinux_1_2_i686.whl", hash = "sha256:756c56e867a90fb00177d530dca4b097dd753cde348448a1012ed6c5131f8b7d", size = 182217 },
    { url = "https://files.pythonhosted.org/packages/33/2b/1f168cb6041853eef0362fb9554c3824367c5560cbdaad89ac40f8c2edfc/websockets-15.0.1-cp313-cp313-musllinux_1_2_x86_64.whl", hash = "sha256:558d023b3df0bffe50a04e710bc87742de35060580a293c2a984299ed83bc4e4", size = 182195 },
    { url = "https://files.pythonhosted.org/packages/86/eb/20b6cdf273913d0ad05a6a14aed4b9a85591c18a987a3d47f20fa13dcc47/websockets-15.0.1-cp313-cp313-win32.whl", hash = "sha256:ba9e56e8ceeeedb2e080147ba85ffcd5cd0711b89576b83784d8605a7df455fa", size = 176393 },
    { url = "https://files.pythonhosted.org/packages/1b/6c/c65773d6cab416a64d191d6ee8a8b1c68a09970ea6909d16965d26bfed1e/websockets-15.0.1-cp313-cp313-win_amd64.whl", hash = "sha256:e09473f095a819042ecb2ab9465aee615bd9c2028e4ef7d933600a8401c79561", size = 176837 },
    { url = "https://files.pythonhosted.org/packages/fa/a8/5b41e0da817d64113292ab1f8247140aac61cbf6cfd085d6a0fa77f4984f/websockets-15.0.1-py3-none-any.whl", hash = "sha256:f7a866fbc1e97b5c617ee4116daaa09b722101d4a3c170c787450ba409f9736f", size = 169743 },
]
